
Microsoft Visual Studio Solution File, Format Version 12.00
# Visual Studio Version 17
VisualStudioVersion = 17.0.31903.59
MinimumVisualStudioVersion = 10.0.40219.1
Project("{FAE04EC0-301F-11D3-BF4B-00C04F79EFBC}") = "Result", "Result\Result.csproj", "{CA971D49-C2B7-4886-BBAD-65F3E272C770}"
EndProject
Project("{FAE04EC0-301F-11D3-BF4B-00C04F79EFBC}") = "Result.Tests", "Result.Tests\Result.Tests.csproj", "{CAAC52F2-C162-4B7D-B4F8-63A2EC675A9C}"
EndProject
Global
	GlobalSection(SolutionConfigurationPlatforms) = preSolution
		Debug|Any CPU = Debug|Any CPU
		Release|Any CPU = Release|Any CPU
	EndGlobalSection
	GlobalSection(SolutionProperties) = preSolution
		HideSolutionNode = FALSE
	EndGlobalSection
	GlobalSection(ProjectConfigurationPlatforms) = postSolution
		{CA971D49-C2B7-4886-BBAD-65F3E272C770}.Debug|Any CPU.ActiveCfg = Debug|Any CPU
		{CA971D49-C2B7-4886-BBAD-65F3E272C770}.Debug|Any CPU.Build.0 = Debug|Any CPU
		{CA971D49-C2B7-4886-BBAD-65F3E272C770}.Release|Any CPU.ActiveCfg = Release|Any CPU
		{CA971D49-C2B7-4886-BBAD-65F3E272C770}.Release|Any CPU.Build.0 = Release|Any CPU
		{CAAC52F2-C162-4B7D-B4F8-63A2EC675A9C}.Debug|Any CPU.ActiveCfg = Debug|Any CPU
		{CAAC52F2-C162-4B7D-B4F8-63A2EC675A9C}.Debug|Any CPU.Build.0 = Debug|Any CPU
		{CAAC52F2-C162-4B7D-B4F8-63A2EC675A9C}.Release|Any CPU.ActiveCfg = Release|Any CPU
		{CAAC52F2-C162-4B7D-B4F8-63A2EC675A9C}.Release|Any CPU.Build.0 = Release|Any CPU
	EndGlobalSection
EndGlobal
